{
  "requires": true,
  "lockfileVersion": 1,
  "dependencies": {
    "@riim/next-tick": {
      "version": "1.2.5",
      "resolved": "https://registry.npmjs.org/@riim/next-tick/-/next-tick-1.2.5.tgz",
      "integrity": "sha512-LG8o2em4lhMdNnHHe/FMn9fZgB7oGPligOsALijDATKCTnAYcx4KFlMgKubqUhXqad+3+8tFpsyUxrtlS7wjCg=="
    },
    "cellx": {
      "version": "1.10.18",
      "resolved": "https://registry.npmjs.org/cellx/-/cellx-1.10.18.tgz",
      "integrity": "sha512-zzBjMrQciO2tbW+5oRadLFYiqY1j5CiwzkzMN9JaUUQIGG43MTq6SLzHTFdgBlrsOz0kvxYc3/r1sQz6IhEfIg==",
      "requires": {
        "@riim/next-tick": "^1.2.4"
      }
    }
  }
}
